// !$*UTF8*$!
{
	archiveVersion = 1;
	classes = {
	};
	objectVersion = 48;
	objects = {

/* Begin PBXBuildFile section */
		DA06783E2046F6DA001519B0 /* Simulation.swift in Sources */ = {isa = PBXBuildFile; fileRef = DA06783D2046F6DA001519B0 /* Simulation.swift */; };
		DA0678422046F751001519B0 /* SimulationController.swift in Sources */ = {isa = PBXBuildFile; fileRef = DA0678412046F751001519B0 /* SimulationController.swift */; };
		DA0678452046F7CB001519B0 /* ControllerDelegate.swift in Sources */ = {isa = PBXBuildFile; fileRef = DA0678442046F7CB001519B0 /* ControllerDelegate.swift */; };
		DA0678492046F8AB001519B0 /* AbstractModelProtocol.swift in Sources */ = {isa = PBXBuildFile; fileRef = DA0678482046F8AB001519B0 /* AbstractModelProtocol.swift */; };
		DA06784B2046F8F1001519B0 /* AbstractViewModelProtocol.swift in Sources */ = {isa = PBXBuildFile; fileRef = DA06784A2046F8F1001519B0 /* AbstractViewModelProtocol.swift */; };
		DA06784D2046F910001519B0 /* AbstractViewModel.swift in Sources */ = {isa = PBXBuildFile; fileRef = DA06784C2046F910001519B0 /* AbstractViewModel.swift */; };
		DA06784F2046F932001519B0 /* SimulationViewModel.swift in Sources */ = {isa = PBXBuildFile; fileRef = DA06784E2046F932001519B0 /* SimulationViewModel.swift */; };
		DA0678522046F9D0001519B0 /* Application.swift in Sources */ = {isa = PBXBuildFile; fileRef = DA0678512046F9D0001519B0 /* Application.swift */; };
		DA0678542046F9FD001519B0 /* ApplicationPresenter.swift in Sources */ = {isa = PBXBuildFile; fileRef = DA0678532046F9FD001519B0 /* ApplicationPresenter.swift */; };
		DA32823220470FE300795C7B /* PresentCentred.swift in Sources */ = {isa = PBXBuildFile; fileRef = DA32823120470FE300795C7B /* PresentCentred.swift */; };
		DA328234204712CC00795C7B /* PresentProtocol+Default.swift in Sources */ = {isa = PBXBuildFile; fileRef = DA328233204712CC00795C7B /* PresentProtocol+Default.swift */; };
		DA48BB282046CE1000271252 /* TestSimulation.swift in Sources */ = {isa = PBXBuildFile; fileRef = DA48BB272046CE1000271252 /* TestSimulation.swift */; };
		DA7380E220432007005C43A3 /* LaunchScreen.storyboard in Resources */ = {isa = PBXBuildFile; fileRef = DA73809D20432007005C43A3 /* LaunchScreen.storyboard */; };
		DA7380E720432007005C43A3 /* LocalizableModel.strings in Resources */ = {isa = PBXBuildFile; fileRef = DA7380A320432007005C43A3 /* LocalizableModel.strings */; };
		DA7380E820432007005C43A3 /* InfoPlist.strings in Resources */ = {isa = PBXBuildFile; fileRef = DA7380A520432007005C43A3 /* InfoPlist.strings */; };
		DA7380E920432007005C43A3 /* LocalizableError.strings in Resources */ = {isa = PBXBuildFile; fileRef = DA7380A720432007005C43A3 /* LocalizableError.strings */; };
		DA7380EA20432007005C43A3 /* LocalizableView.strings in Resources */ = {isa = PBXBuildFile; fileRef = DA7380A920432007005C43A3 /* LocalizableView.strings */; };
		DA7380EB20432007005C43A3 /* LocalizableController.strings in Resources */ = {isa = PBXBuildFile; fileRef = DA7380AB20432007005C43A3 /* LocalizableController.strings */; };
		DA7380EC20432007005C43A3 /* ExtensionUIView+LayoutWidth.swift in Sources */ = {isa = PBXBuildFile; fileRef = DA7380AF20432007005C43A3 /* ExtensionUIView+LayoutWidth.swift */; };
		DA7380ED20432007005C43A3 /* ExtensionUIView+LayoutHeight.swift in Sources */ = {isa = PBXBuildFile; fileRef = DA7380B020432007005C43A3 /* ExtensionUIView+LayoutHeight.swift */; };
		DA7380EE20432007005C43A3 /* ExtensionUIView+LayoutSize.swift in Sources */ = {isa = PBXBuildFile; fileRef = DA7380B120432007005C43A3 /* ExtensionUIView+LayoutSize.swift */; };
		DA7380EF20432007005C43A3 /* ExtensionUIColor.swift in Sources */ = {isa = PBXBuildFile; fileRef = DA7380B220432007005C43A3 /* ExtensionUIColor.swift */; };
		DA7380F020432007005C43A3 /* ExtensionUIView+LayoutEquals.swift in Sources */ = {isa = PBXBuildFile; fileRef = DA7380B320432007005C43A3 /* ExtensionUIView+LayoutEquals.swift */; };
		DA7380F120432007005C43A3 /* ExtensionUIView+LayoutVertical.swift in Sources */ = {isa = PBXBuildFile; fileRef = DA7380B420432007005C43A3 /* ExtensionUIView+LayoutVertical.swift */; };
		DA7380F220432007005C43A3 /* ExtensionUIView+LayoutHorizontal.swift in Sources */ = {isa = PBXBuildFile; fileRef = DA7380B520432007005C43A3 /* ExtensionUIView+LayoutHorizontal.swift */; };
		DA785A462047074900E3DFD1 /* ViewModelDelegate.swift in Sources */ = {isa = PBXBuildFile; fileRef = DA785A452047074900E3DFD1 /* ViewModelDelegate.swift */; };
		DA785A482047080F00E3DFD1 /* AbstractController.swift in Sources */ = {isa = PBXBuildFile; fileRef = DA785A472047080F00E3DFD1 /* AbstractController.swift */; };
		DA785A4A2047083E00E3DFD1 /* AbstractView.swift in Sources */ = {isa = PBXBuildFile; fileRef = DA785A492047083E00E3DFD1 /* AbstractView.swift */; };
		DA785A4C20470C3900E3DFD1 /* ApplicationPresenterProtocol.swift in Sources */ = {isa = PBXBuildFile; fileRef = DA785A4B20470C3900E3DFD1 /* ApplicationPresenterProtocol.swift */; };
		DA785A4F20470CF600E3DFD1 /* PresentProtocol.swift in Sources */ = {isa = PBXBuildFile; fileRef = DA785A4E20470CF600E3DFD1 /* PresentProtocol.swift */; };
		DA785A5120470DEF00E3DFD1 /* ApplicationViewController.swift in Sources */ = {isa = PBXBuildFile; fileRef = DA785A5020470DEF00E3DFD1 /* ApplicationViewController.swift */; };
		DA785A5320470E1100E3DFD1 /* ApplicationView.swift in Sources */ = {isa = PBXBuildFile; fileRef = DA785A5220470E1100E3DFD1 /* ApplicationView.swift */; };
		DA912A5B2047170D002E2D47 /* SimulationViewController.swift in Sources */ = {isa = PBXBuildFile; fileRef = DA912A5A2047170D002E2D47 /* SimulationViewController.swift */; };
		DADB84282047DC2400EB45C9 /* AbstractModelProtocol+Default.swift in Sources */ = {isa = PBXBuildFile; fileRef = DADB84272047DC2400EB45C9 /* AbstractModelProtocol+Default.swift */; };
		DADB842A2047DEFB00EB45C9 /* AbstractModel.swift in Sources */ = {isa = PBXBuildFile; fileRef = DADB84292047DEFB00EB45C9 /* AbstractModel.swift */; };
/* End PBXBuildFile section */

/* Begin PBXContainerItemProxy section */
		DA48BB1F2046CD2B00271252 /* PBXContainerItemProxy */ = {
			isa = PBXContainerItemProxy;
			containerPortal = DA73807F20431E5E005C43A3 /* Project object */;
			proxyType = 1;
			remoteGlobalIDString = DA73808620431E5E005C43A3;
			remoteInfo = entropy;
		};
/* End PBXContainerItemProxy section */

/* Begin PBXFileReference section */
		DA06783D2046F6DA001519B0 /* Simulation.swift */ = {isa = PBXFileReference; lastKnownFileType = sourcecode.swift; path = Simulation.swift; sourceTree = "<group>"; };
		DA0678412046F751001519B0 /* SimulationController.swift */ = {isa = PBXFileReference; lastKnownFileType = sourcecode.swift; path = SimulationController.swift; sourceTree = "<group>"; };
		DA0678442046F7CB001519B0 /* ControllerDelegate.swift */ = {isa = PBXFileReference; lastKnownFileType = sourcecode.swift; path = ControllerDelegate.swift; sourceTree = "<group>"; };
		DA0678482046F8AB001519B0 /* AbstractModelProtocol.swift */ = {isa = PBXFileReference; lastKnownFileType = sourcecode.swift; path = AbstractModelProtocol.swift; sourceTree = "<group>"; };
		DA06784A2046F8F1001519B0 /* AbstractViewModelProtocol.swift */ = {isa = PBXFileReference; lastKnownFileType = sourcecode.swift; path = AbstractViewModelProtocol.swift; sourceTree = "<group>"; };
		DA06784C2046F910001519B0 /* AbstractViewModel.swift */ = {isa = PBXFileReference; lastKnownFileType = sourcecode.swift; path = AbstractViewModel.swift; sourceTree = "<group>"; };
		DA06784E2046F932001519B0 /* SimulationViewModel.swift */ = {isa = PBXFileReference; lastKnownFileType = sourcecode.swift; path = SimulationViewModel.swift; sourceTree = "<group>"; };
		DA0678512046F9D0001519B0 /* Application.swift */ = {isa = PBXFileReference; lastKnownFileType = sourcecode.swift; path = Application.swift; sourceTree = "<group>"; };
		DA0678532046F9FD001519B0 /* ApplicationPresenter.swift */ = {isa = PBXFileReference; lastKnownFileType = sourcecode.swift; path = ApplicationPresenter.swift; sourceTree = "<group>"; };
		DA32823120470FE300795C7B /* PresentCentred.swift */ = {isa = PBXFileReference; lastKnownFileType = sourcecode.swift; path = PresentCentred.swift; sourceTree = "<group>"; };
		DA328233204712CC00795C7B /* PresentProtocol+Default.swift */ = {isa = PBXFileReference; lastKnownFileType = sourcecode.swift; path = "PresentProtocol+Default.swift"; sourceTree = "<group>"; };
		DA48BB1A2046CD2B00271252 /* tests.xctest */ = {isa = PBXFileReference; explicitFileType = wrapper.cfbundle; includeInIndex = 0; path = tests.xctest; sourceTree = BUILT_PRODUCTS_DIR; };
		DA48BB272046CE1000271252 /* TestSimulation.swift */ = {isa = PBXFileReference; fileEncoding = 4; lastKnownFileType = sourcecode.swift; path = TestSimulation.swift; sourceTree = "<group>"; };
		DA48BB292046CE1F00271252 /* InfoTests.plist */ = {isa = PBXFileReference; lastKnownFileType = text.plist.xml; path = InfoTests.plist; sourceTree = "<group>"; };
		DA73808720431E5E005C43A3 /* entropy.app */ = {isa = PBXFileReference; explicitFileType = wrapper.application; includeInIndex = 0; path = entropy.app; sourceTree = BUILT_PRODUCTS_DIR; };
		DA73809D20432007005C43A3 /* LaunchScreen.storyboard */ = {isa = PBXFileReference; fileEncoding = 4; lastKnownFileType = file.storyboard; path = LaunchScreen.storyboard; sourceTree = "<group>"; };
		DA73809E20432007005C43A3 /* .gitignore */ = {isa = PBXFileReference; fileEncoding = 4; lastKnownFileType = text; path = .gitignore; sourceTree = "<group>"; };
		DA73809F20432007005C43A3 /* README.md */ = {isa = PBXFileReference; fileEncoding = 4; lastKnownFileType = net.daringfireball.markdown; path = README.md; sourceTree = "<group>"; };
		DA7380A020432007005C43A3 /* .codebeatsettings */ = {isa = PBXFileReference; fileEncoding = 4; lastKnownFileType = text; path = .codebeatsettings; sourceTree = "<group>"; };
		DA7380A120432007005C43A3 /* LICENSE */ = {isa = PBXFileReference; fileEncoding = 4; lastKnownFileType = text; path = LICENSE; sourceTree = "<group>"; };
		DA7380A420432007005C43A3 /* en */ = {isa = PBXFileReference; lastKnownFileType = text.plist.strings; name = en; path = en.lproj/LocalizableModel.strings; sourceTree = "<group>"; };
		DA7380A620432007005C43A3 /* en */ = {isa = PBXFileReference; lastKnownFileType = text.plist.strings; name = en; path = en.lproj/InfoPlist.strings; sourceTree = "<group>"; };
		DA7380A820432007005C43A3 /* en */ = {isa = PBXFileReference; lastKnownFileType = text.plist.strings; name = en; path = en.lproj/LocalizableError.strings; sourceTree = "<group>"; };
		DA7380AA20432007005C43A3 /* en */ = {isa = PBXFileReference; lastKnownFileType = text.plist.strings; name = en; path = en.lproj/LocalizableView.strings; sourceTree = "<group>"; };
		DA7380AC20432007005C43A3 /* en */ = {isa = PBXFileReference; lastKnownFileType = text.plist.strings; name = en; path = en.lproj/LocalizableController.strings; sourceTree = "<group>"; };
		DA7380AF20432007005C43A3 /* ExtensionUIView+LayoutWidth.swift */ = {isa = PBXFileReference; fileEncoding = 4; lastKnownFileType = sourcecode.swift; path = "ExtensionUIView+LayoutWidth.swift"; sourceTree = "<group>"; };
		DA7380B020432007005C43A3 /* ExtensionUIView+LayoutHeight.swift */ = {isa = PBXFileReference; fileEncoding = 4; lastKnownFileType = sourcecode.swift; path = "ExtensionUIView+LayoutHeight.swift"; sourceTree = "<group>"; };
		DA7380B120432007005C43A3 /* ExtensionUIView+LayoutSize.swift */ = {isa = PBXFileReference; fileEncoding = 4; lastKnownFileType = sourcecode.swift; path = "ExtensionUIView+LayoutSize.swift"; sourceTree = "<group>"; };
		DA7380B220432007005C43A3 /* ExtensionUIColor.swift */ = {isa = PBXFileReference; fileEncoding = 4; lastKnownFileType = sourcecode.swift; path = ExtensionUIColor.swift; sourceTree = "<group>"; };
		DA7380B320432007005C43A3 /* ExtensionUIView+LayoutEquals.swift */ = {isa = PBXFileReference; fileEncoding = 4; lastKnownFileType = sourcecode.swift; path = "ExtensionUIView+LayoutEquals.swift"; sourceTree = "<group>"; };
		DA7380B420432007005C43A3 /* ExtensionUIView+LayoutVertical.swift */ = {isa = PBXFileReference; fileEncoding = 4; lastKnownFileType = sourcecode.swift; path = "ExtensionUIView+LayoutVertical.swift"; sourceTree = "<group>"; };
		DA7380B520432007005C43A3 /* ExtensionUIView+LayoutHorizontal.swift */ = {isa = PBXFileReference; fileEncoding = 4; lastKnownFileType = sourcecode.swift; path = "ExtensionUIView+LayoutHorizontal.swift"; sourceTree = "<group>"; };
		DA7380E120432007005C43A3 /* Info.plist */ = {isa = PBXFileReference; fileEncoding = 4; lastKnownFileType = text.plist.xml; path = Info.plist; sourceTree = "<group>"; };
		DA73811020432015005C43A3 /* Scripts */ = {isa = PBXFileReference; lastKnownFileType = folder; path = Scripts; sourceTree = "<group>"; };
		DA785A452047074900E3DFD1 /* ViewModelDelegate.swift */ = {isa = PBXFileReference; lastKnownFileType = sourcecode.swift; path = ViewModelDelegate.swift; sourceTree = "<group>"; };
		DA785A472047080F00E3DFD1 /* AbstractController.swift */ = {isa = PBXFileReference; lastKnownFileType = sourcecode.swift; path = AbstractController.swift; sourceTree = "<group>"; };
		DA785A492047083E00E3DFD1 /* AbstractView.swift */ = {isa = PBXFileReference; lastKnownFileType = sourcecode.swift; path = AbstractView.swift; sourceTree = "<group>"; };
		DA785A4B20470C3900E3DFD1 /* ApplicationPresenterProtocol.swift */ = {isa = PBXFileReference; lastKnownFileType = sourcecode.swift; path = ApplicationPresenterProtocol.swift; sourceTree = "<group>"; };
		DA785A4E20470CF600E3DFD1 /* PresentProtocol.swift */ = {isa = PBXFileReference; lastKnownFileType = sourcecode.swift; path = PresentProtocol.swift; sourceTree = "<group>"; };
		DA785A5020470DEF00E3DFD1 /* ApplicationViewController.swift */ = {isa = PBXFileReference; lastKnownFileType = sourcecode.swift; path = ApplicationViewController.swift; sourceTree = "<group>"; };
		DA785A5220470E1100E3DFD1 /* ApplicationView.swift */ = {isa = PBXFileReference; lastKnownFileType = sourcecode.swift; path = ApplicationView.swift; sourceTree = "<group>"; };
		DA912A5A2047170D002E2D47 /* SimulationViewController.swift */ = {isa = PBXFileReference; lastKnownFileType = sourcecode.swift; path = SimulationViewController.swift; sourceTree = "<group>"; };
		DADB84272047DC2400EB45C9 /* AbstractModelProtocol+Default.swift */ = {isa = PBXFileReference; lastKnownFileType = sourcecode.swift; path = "AbstractModelProtocol+Default.swift"; sourceTree = "<group>"; };
		DADB84292047DEFB00EB45C9 /* AbstractModel.swift */ = {isa = PBXFileReference; lastKnownFileType = sourcecode.swift; path = AbstractModel.swift; sourceTree = "<group>"; };
/* End PBXFileReference section */

/* Begin PBXFrameworksBuildPhase section */
		DA48BB172046CD2B00271252 /* Frameworks */ = {
			isa = PBXFrameworksBuildPhase;
			buildActionMask = 2147483647;
			files = (
			);
			runOnlyForDeploymentPostprocessing = 0;
		};
		DA73808420431E5E005C43A3 /* Frameworks */ = {
			isa = PBXFrameworksBuildPhase;
			buildActionMask = 2147483647;
			files = (
			);
			runOnlyForDeploymentPostprocessing = 0;
		};
/* End PBXFrameworksBuildPhase section */

/* Begin PBXGroup section */
		DA0678352046F51A001519B0 /* Abstract */ = {
			isa = PBXGroup;
			children = (
				DADB84292047DEFB00EB45C9 /* AbstractModel.swift */,
				DA0678482046F8AB001519B0 /* AbstractModelProtocol.swift */,
				DADB84272047DC2400EB45C9 /* AbstractModelProtocol+Default.swift */,
				DA06784A2046F8F1001519B0 /* AbstractViewModelProtocol.swift */,
				DA06784C2046F910001519B0 /* AbstractViewModel.swift */,
				DA785A472047080F00E3DFD1 /* AbstractController.swift */,
				DA785A492047083E00E3DFD1 /* AbstractView.swift */,
			);
			path = Abstract;
			sourceTree = "<group>";
		};
		DA0678382046F61C001519B0 /* Simulation */ = {
			isa = PBXGroup;
			children = (
				DA06783D2046F6DA001519B0 /* Simulation.swift */,
				DA0678412046F751001519B0 /* SimulationController.swift */,
				DA06784E2046F932001519B0 /* SimulationViewModel.swift */,
				DA912A5A2047170D002E2D47 /* SimulationViewController.swift */,
			);
			path = Simulation;
			sourceTree = "<group>";
		};
		DA0678432046F7BD001519B0 /* Shared */ = {
			isa = PBXGroup;
			children = (
				DA0678442046F7CB001519B0 /* ControllerDelegate.swift */,
				DA785A452047074900E3DFD1 /* ViewModelDelegate.swift */,
			);
			path = Shared;
			sourceTree = "<group>";
		};
		DA0678502046F9C6001519B0 /* Application */ = {
			isa = PBXGroup;
			children = (
				DA0678512046F9D0001519B0 /* Application.swift */,
				DA0678532046F9FD001519B0 /* ApplicationPresenter.swift */,
				DA785A4B20470C3900E3DFD1 /* ApplicationPresenterProtocol.swift */,
				DA785A5020470DEF00E3DFD1 /* ApplicationViewController.swift */,
				DA785A5220470E1100E3DFD1 /* ApplicationView.swift */,
			);
			path = Application;
			sourceTree = "<group>";
		};
		DA48BB242046CE1000271252 /* Tests */ = {
			isa = PBXGroup;
			children = (
				DA48BB252046CE1000271252 /* Model */,
			);
			path = Tests;
			sourceTree = "<group>";
		};
		DA48BB252046CE1000271252 /* Model */ = {
			isa = PBXGroup;
			children = (
				DA48BB262046CE1000271252 /* Simulation */,
			);
			path = Model;
			sourceTree = "<group>";
		};
		DA48BB262046CE1000271252 /* Simulation */ = {
			isa = PBXGroup;
			children = (
				DA48BB272046CE1000271252 /* TestSimulation.swift */,
			);
			path = Simulation;
			sourceTree = "<group>";
		};
		DA73807E20431E5E005C43A3 = {
			isa = PBXGroup;
			children = (
				DA73809C20432007005C43A3 /* Assets */,
				DA7380E020432007005C43A3 /* Configuration */,
				DA7380A220432007005C43A3 /* Resources */,
				DA7380AD20432007005C43A3 /* Source */,
				DA48BB242046CE1000271252 /* Tests */,
				DA7380A120432007005C43A3 /* LICENSE */,
				DA73809F20432007005C43A3 /* README.md */,
				DA7380A020432007005C43A3 /* .codebeatsettings */,
				DA73809E20432007005C43A3 /* .gitignore */,
				DA73811020432015005C43A3 /* Scripts */,
				DA73808820431E5E005C43A3 /* Products */,
			);
			sourceTree = "<group>";
		};
		DA73808820431E5E005C43A3 /* Products */ = {
			isa = PBXGroup;
			children = (
				DA73808720431E5E005C43A3 /* entropy.app */,
				DA48BB1A2046CD2B00271252 /* tests.xctest */,
			);
			name = Products;
			sourceTree = "<group>";
		};
		DA73809C20432007005C43A3 /* Assets */ = {
			isa = PBXGroup;
			children = (
				DA73809D20432007005C43A3 /* LaunchScreen.storyboard */,
			);
			path = Assets;
			sourceTree = "<group>";
		};
		DA7380A220432007005C43A3 /* Resources */ = {
			isa = PBXGroup;
			children = (
				DA7380A520432007005C43A3 /* InfoPlist.strings */,
				DA7380A320432007005C43A3 /* LocalizableModel.strings */,
				DA7380A720432007005C43A3 /* LocalizableError.strings */,
				DA7380A920432007005C43A3 /* LocalizableView.strings */,
				DA7380AB20432007005C43A3 /* LocalizableController.strings */,
			);
			path = Resources;
			sourceTree = "<group>";
		};
		DA7380AD20432007005C43A3 /* Source */ = {
			isa = PBXGroup;
			children = (
				DA0678352046F51A001519B0 /* Abstract */,
				DA0678432046F7BD001519B0 /* Shared */,
				DA0678502046F9C6001519B0 /* Application */,
				DA785A4D20470CE400E3DFD1 /* Present */,
				DA0678382046F61C001519B0 /* Simulation */,
				DA7380AE20432007005C43A3 /* Extension */,
			);
			path = Source;
			sourceTree = "<group>";
		};
		DA7380AE20432007005C43A3 /* Extension */ = {
			isa = PBXGroup;
			children = (
				DA7380B220432007005C43A3 /* ExtensionUIColor.swift */,
				DA7380AF20432007005C43A3 /* ExtensionUIView+LayoutWidth.swift */,
				DA7380B020432007005C43A3 /* ExtensionUIView+LayoutHeight.swift */,
				DA7380B120432007005C43A3 /* ExtensionUIView+LayoutSize.swift */,
				DA7380B320432007005C43A3 /* ExtensionUIView+LayoutEquals.swift */,
				DA7380B420432007005C43A3 /* ExtensionUIView+LayoutVertical.swift */,
				DA7380B520432007005C43A3 /* ExtensionUIView+LayoutHorizontal.swift */,
			);
			path = Extension;
			sourceTree = "<group>";
		};
		DA7380E020432007005C43A3 /* Configuration */ = {
			isa = PBXGroup;
			children = (
				DA48BB292046CE1F00271252 /* InfoTests.plist */,
				DA7380E120432007005C43A3 /* Info.plist */,
			);
			path = Configuration;
			sourceTree = "<group>";
		};
		DA785A4D20470CE400E3DFD1 /* Present */ = {
			isa = PBXGroup;
			children = (
				DA785A4E20470CF600E3DFD1 /* PresentProtocol.swift */,
				DA328233204712CC00795C7B /* PresentProtocol+Default.swift */,
				DA32823120470FE300795C7B /* PresentCentred.swift */,
			);
			path = Present;
			sourceTree = "<group>";
		};
/* End PBXGroup section */

/* Begin PBXNativeTarget section */
		DA48BB192046CD2B00271252 /* tests */ = {
			isa = PBXNativeTarget;
			buildConfigurationList = DA48BB232046CD2B00271252 /* Build configuration list for PBXNativeTarget "tests" */;
			buildPhases = (
				DA48BB162046CD2B00271252 /* Sources */,
				DA48BB172046CD2B00271252 /* Frameworks */,
				DA48BB182046CD2B00271252 /* Resources */,
			);
			buildRules = (
			);
			dependencies = (
				DA48BB202046CD2B00271252 /* PBXTargetDependency */,
			);
			name = tests;
			productName = tests;
			productReference = DA48BB1A2046CD2B00271252 /* tests.xctest */;
			productType = "com.apple.product-type.bundle.unit-test";
		};
		DA73808620431E5E005C43A3 /* entropy */ = {
			isa = PBXNativeTarget;
			buildConfigurationList = DA73809920431E5E005C43A3 /* Build configuration list for PBXNativeTarget "entropy" */;
			buildPhases = (
				DA73808320431E5E005C43A3 /* Sources */,
				DA73808420431E5E005C43A3 /* Frameworks */,
				DA73808520431E5E005C43A3 /* Resources */,
				DA738113204322AB005C43A3 /* ShellScript */,
			);
			buildRules = (
			);
			dependencies = (
			);
			name = entropy;
			productName = entropy;
			productReference = DA73808720431E5E005C43A3 /* entropy.app */;
			productType = "com.apple.product-type.application";
		};
/* End PBXNativeTarget section */

/* Begin PBXProject section */
		DA73807F20431E5E005C43A3 /* Project object */ = {
			isa = PBXProject;
			attributes = {
				LastSwiftUpdateCheck = 0920;
				LastUpgradeCheck = 0920;
				ORGANIZATIONNAME = iturbide;
				TargetAttributes = {
					DA48BB192046CD2B00271252 = {
						CreatedOnToolsVersion = 9.2;
						ProvisioningStyle = Automatic;
						TestTargetID = DA73808620431E5E005C43A3;
					};
					DA73808620431E5E005C43A3 = {
						CreatedOnToolsVersion = 9.2;
						ProvisioningStyle = Automatic;
					};
				};
			};
			buildConfigurationList = DA73808220431E5E005C43A3 /* Build configuration list for PBXProject "entropy" */;
			compatibilityVersion = "Xcode 8.0";
			developmentRegion = en;
			hasScannedForEncodings = 0;
			knownRegions = (
				en,
			);
			mainGroup = DA73807E20431E5E005C43A3;
			productRefGroup = DA73808820431E5E005C43A3 /* Products */;
			projectDirPath = "";
			projectRoot = "";
			targets = (
				DA73808620431E5E005C43A3 /* entropy */,
				DA48BB192046CD2B00271252 /* tests */,
			);
		};
/* End PBXProject section */

/* Begin PBXResourcesBuildPhase section */
		DA48BB182046CD2B00271252 /* Resources */ = {
			isa = PBXResourcesBuildPhase;
			buildActionMask = 2147483647;
			files = (
			);
			runOnlyForDeploymentPostprocessing = 0;
		};
		DA73808520431E5E005C43A3 /* Resources */ = {
			isa = PBXResourcesBuildPhase;
			buildActionMask = 2147483647;
			files = (
				DA7380E820432007005C43A3 /* InfoPlist.strings in Resources */,
				DA7380EA20432007005C43A3 /* LocalizableView.strings in Resources */,
				DA7380E220432007005C43A3 /* LaunchScreen.storyboard in Resources */,
				DA7380EB20432007005C43A3 /* LocalizableController.strings in Resources */,
				DA7380E920432007005C43A3 /* LocalizableError.strings in Resources */,
				DA7380E720432007005C43A3 /* LocalizableModel.strings in Resources */,
			);
			runOnlyForDeploymentPostprocessing = 0;
		};
/* End PBXResourcesBuildPhase section */

/* Begin PBXShellScriptBuildPhase section */
		DA738113204322AB005C43A3 /* ShellScript */ = {
			isa = PBXShellScriptBuildPhase;
			buildActionMask = 12;
			files = (
			);
			inputPaths = (
			);
			outputPaths = (
			);
			runOnlyForDeploymentPostprocessing = 0;
			shellPath = /bin/sh;
			shellScript = Scripts/versioner.sh;
		};
/* End PBXShellScriptBuildPhase section */

/* Begin PBXSourcesBuildPhase section */
		DA48BB162046CD2B00271252 /* Sources */ = {
			isa = PBXSourcesBuildPhase;
			buildActionMask = 2147483647;
			files = (
				DA48BB282046CE1000271252 /* TestSimulation.swift in Sources */,
			);
			runOnlyForDeploymentPostprocessing = 0;
		};
		DA73808320431E5E005C43A3 /* Sources */ = {
			isa = PBXSourcesBuildPhase;
			buildActionMask = 2147483647;
			files = (
				DA0678542046F9FD001519B0 /* ApplicationPresenter.swift in Sources */,
				DA32823220470FE300795C7B /* PresentCentred.swift in Sources */,
				DA785A4F20470CF600E3DFD1 /* PresentProtocol.swift in Sources */,
				DA785A462047074900E3DFD1 /* ViewModelDelegate.swift in Sources */,
				DA0678522046F9D0001519B0 /* Application.swift in Sources */,
				DA0678452046F7CB001519B0 /* ControllerDelegate.swift in Sources */,
				DA06784B2046F8F1001519B0 /* AbstractViewModelProtocol.swift in Sources */,
				DADB84282047DC2400EB45C9 /* AbstractModelProtocol+Default.swift in Sources */,
				DA0678422046F751001519B0 /* SimulationController.swift in Sources */,
				DA7380EC20432007005C43A3 /* ExtensionUIView+LayoutWidth.swift in Sources */,
				DA7380F020432007005C43A3 /* ExtensionUIView+LayoutEquals.swift in Sources */,
				DA06783E2046F6DA001519B0 /* Simulation.swift in Sources */,
				DA785A5320470E1100E3DFD1 /* ApplicationView.swift in Sources */,
				DA785A482047080F00E3DFD1 /* AbstractController.swift in Sources */,
				DADB842A2047DEFB00EB45C9 /* AbstractModel.swift in Sources */,
				DA7380ED20432007005C43A3 /* ExtensionUIView+LayoutHeight.swift in Sources */,
				DA785A4C20470C3900E3DFD1 /* ApplicationPresenterProtocol.swift in Sources */,
				DA7380F220432007005C43A3 /* ExtensionUIView+LayoutHorizontal.swift in Sources */,
				DA06784D2046F910001519B0 /* AbstractViewModel.swift in Sources */,
				DA912A5B2047170D002E2D47 /* SimulationViewController.swift in Sources */,
				DA7380EE20432007005C43A3 /* ExtensionUIView+LayoutSize.swift in Sources */,
				DA785A5120470DEF00E3DFD1 /* ApplicationViewController.swift in Sources */,
				DA7380F120432007005C43A3 /* ExtensionUIView+LayoutVertical.swift in Sources */,
				DA06784F2046F932001519B0 /* SimulationViewModel.swift in Sources */,
				DA785A4A2047083E00E3DFD1 /* AbstractView.swift in Sources */,
				DA0678492046F8AB001519B0 /* AbstractModelProtocol.swift in Sources */,
				DA328234204712CC00795C7B /* PresentProtocol+Default.swift in Sources */,
				DA7380EF20432007005C43A3 /* ExtensionUIColor.swift in Sources */,
			);
			runOnlyForDeploymentPostprocessing = 0;
		};
/* End PBXSourcesBuildPhase section */

/* Begin PBXTargetDependency section */
		DA48BB202046CD2B00271252 /* PBXTargetDependency */ = {
			isa = PBXTargetDependency;
			target = DA73808620431E5E005C43A3 /* entropy */;
			targetProxy = DA48BB1F2046CD2B00271252 /* PBXContainerItemProxy */;
		};
/* End PBXTargetDependency section */

/* Begin PBXVariantGroup section */
		DA7380A320432007005C43A3 /* LocalizableModel.strings */ = {
			isa = PBXVariantGroup;
			children = (
				DA7380A420432007005C43A3 /* en */,
			);
			name = LocalizableModel.strings;
			sourceTree = "<group>";
		};
		DA7380A520432007005C43A3 /* InfoPlist.strings */ = {
			isa = PBXVariantGroup;
			children = (
				DA7380A620432007005C43A3 /* en */,
			);
			name = InfoPlist.strings;
			sourceTree = "<group>";
		};
		DA7380A720432007005C43A3 /* LocalizableError.strings */ = {
			isa = PBXVariantGroup;
			children = (
				DA7380A820432007005C43A3 /* en */,
			);
			name = LocalizableError.strings;
			sourceTree = "<group>";
		};
		DA7380A920432007005C43A3 /* LocalizableView.strings */ = {
			isa = PBXVariantGroup;
			children = (
				DA7380AA20432007005C43A3 /* en */,
			);
			name = LocalizableView.strings;
			sourceTree = "<group>";
		};
		DA7380AB20432007005C43A3 /* LocalizableController.strings */ = {
			isa = PBXVariantGroup;
			children = (
				DA7380AC20432007005C43A3 /* en */,
			);
			name = LocalizableController.strings;
			sourceTree = "<group>";
		};
/* End PBXVariantGroup section */

/* Begin XCBuildConfiguration section */
		DA48BB212046CD2B00271252 /* Debug */ = {
			isa = XCBuildConfiguration;
			buildSettings = {
				BUNDLE_LOADER = "$(TEST_HOST)";
				CLANG_ENABLE_MODULES = NO;
				CODE_SIGN_STYLE = Automatic;
				DEVELOPMENT_TEAM = 7AMWG3RLHN;
				INFOPLIST_FILE = Configuration/InfoTests.plist;
				IPHONEOS_DEPLOYMENT_TARGET = 11.2;
				LD_RUNPATH_SEARCH_PATHS = "$(inherited) @executable_path/Frameworks @loader_path/Frameworks";
				PRODUCT_BUNDLE_IDENTIFIER = iturbide.tests;
				PRODUCT_NAME = "$(TARGET_NAME)";
				SWIFT_VERSION = 4.0;
				TARGETED_DEVICE_FAMILY = "1,2";
				TEST_HOST = "$(BUILT_PRODUCTS_DIR)/entropy.app/entropy";
			};
			name = Debug;
		};
		DA48BB222046CD2B00271252 /* Release */ = {
			isa = XCBuildConfiguration;
			buildSettings = {
				BUNDLE_LOADER = "$(TEST_HOST)";
				CLANG_ENABLE_MODULES = NO;
				CODE_SIGN_STYLE = Automatic;
				DEVELOPMENT_TEAM = 7AMWG3RLHN;
				INFOPLIST_FILE = Configuration/InfoTests.plist;
				IPHONEOS_DEPLOYMENT_TARGET = 11.2;
				LD_RUNPATH_SEARCH_PATHS = "$(inherited) @executable_path/Frameworks @loader_path/Frameworks";
				PRODUCT_BUNDLE_IDENTIFIER = iturbide.tests;
				PRODUCT_NAME = "$(TARGET_NAME)";
				SWIFT_VERSION = 4.0;
				TARGETED_DEVICE_FAMILY = "1,2";
				TEST_HOST = "$(BUILT_PRODUCTS_DIR)/entropy.app/entropy";
			};
			name = Release;
		};
		DA73809720431E5E005C43A3 /* Debug */ = {
			isa = XCBuildConfiguration;
			buildSettings = {
				ALWAYS_SEARCH_USER_PATHS = NO;
				CLANG_ANALYZER_NONNULL = YES;
				CLANG_ANALYZER_NUMBER_OBJECT_CONVERSION = YES_AGGRESSIVE;
				CLANG_CXX_LANGUAGE_STANDARD = "gnu++14";
				CLANG_CXX_LIBRARY = "libc++";
				CLANG_ENABLE_MODULES = NO;
				CLANG_ENABLE_OBJC_ARC = YES;
				CLANG_WARN_BLOCK_CAPTURE_AUTORELEASING = YES;
				CLANG_WARN_BOOL_CONVERSION = YES;
				CLANG_WARN_COMMA = YES;
				CLANG_WARN_CONSTANT_CONVERSION = YES;
				CLANG_WARN_DIRECT_OBJC_ISA_USAGE = YES_ERROR;
				CLANG_WARN_DOCUMENTATION_COMMENTS = YES;
				CLANG_WARN_EMPTY_BODY = YES;
				CLANG_WARN_ENUM_CONVERSION = YES;
				CLANG_WARN_INFINITE_RECURSION = YES;
				CLANG_WARN_INT_CONVERSION = YES;
				CLANG_WARN_NON_LITERAL_NULL_CONVERSION = YES;
				CLANG_WARN_OBJC_LITERAL_CONVERSION = YES;
				CLANG_WARN_OBJC_ROOT_CLASS = YES_ERROR;
				CLANG_WARN_RANGE_LOOP_ANALYSIS = YES;
				CLANG_WARN_STRICT_PROTOTYPES = YES;
				CLANG_WARN_SUSPICIOUS_MOVE = YES;
				CLANG_WARN_UNGUARDED_AVAILABILITY = YES_AGGRESSIVE;
				CLANG_WARN_UNREACHABLE_CODE = YES;
				CLANG_WARN__DUPLICATE_METHOD_MATCH = YES;
				CODE_SIGN_IDENTITY = "iPhone Developer";
				COPY_PHASE_STRIP = NO;
				DEBUG_INFORMATION_FORMAT = dwarf;
				ENABLE_STRICT_OBJC_MSGSEND = YES;
				ENABLE_TESTABILITY = YES;
				GCC_C_LANGUAGE_STANDARD = gnu11;
				GCC_DYNAMIC_NO_PIC = NO;
				GCC_NO_COMMON_BLOCKS = YES;
				GCC_OPTIMIZATION_LEVEL = 0;
				GCC_PREPROCESSOR_DEFINITIONS = (
					"DEBUG=1",
					"$(inherited)",
				);
				GCC_WARN_64_TO_32_BIT_CONVERSION = YES;
				GCC_WARN_ABOUT_RETURN_TYPE = YES_ERROR;
				GCC_WARN_UNDECLARED_SELECTOR = YES;
				GCC_WARN_UNINITIALIZED_AUTOS = YES_AGGRESSIVE;
				GCC_WARN_UNUSED_FUNCTION = YES;
				GCC_WARN_UNUSED_VARIABLE = YES;
				IPHONEOS_DEPLOYMENT_TARGET = 9.0;
				MTL_ENABLE_DEBUG_INFO = YES;
				ONLY_ACTIVE_ARCH = YES;
				SDKROOT = iphoneos;
				SWIFT_ACTIVE_COMPILATION_CONDITIONS = DEBUG;
				SWIFT_INSTALL_OBJC_HEADER = NO;
				SWIFT_OPTIMIZATION_LEVEL = "-Onone";
				VERSIONING_SYSTEM = "apple-generic";
			};
			name = Debug;
		};
		DA73809820431E5E005C43A3 /* Release */ = {
			isa = XCBuildConfiguration;
			buildSettings = {
				ALWAYS_SEARCH_USER_PATHS = NO;
				CLANG_ANALYZER_NONNULL = YES;
				CLANG_ANALYZER_NUMBER_OBJECT_CONVERSION = YES_AGGRESSIVE;
				CLANG_CXX_LANGUAGE_STANDARD = "gnu++14";
				CLANG_CXX_LIBRARY = "libc++";
				CLANG_ENABLE_MODULES = NO;
				CLANG_ENABLE_OBJC_ARC = YES;
				CLANG_WARN_BLOCK_CAPTURE_AUTORELEASING = YES;
				CLANG_WARN_BOOL_CONVERSION = YES;
				CLANG_WARN_COMMA = YES;
				CLANG_WARN_CONSTANT_CONVERSION = YES;
				CLANG_WARN_DIRECT_OBJC_ISA_USAGE = YES_ERROR;
				CLANG_WARN_DOCUMENTATION_COMMENTS = YES;
				CLANG_WARN_EMPTY_BODY = YES;
				CLANG_WARN_ENUM_CONVERSION = YES;
				CLANG_WARN_INFINITE_RECURSION = YES;
				CLANG_WARN_INT_CONVERSION = YES;
				CLANG_WARN_NON_LITERAL_NULL_CONVERSION = YES;
				CLANG_WARN_OBJC_LITERAL_CONVERSION = YES;
				CLANG_WARN_OBJC_ROOT_CLASS = YES_ERROR;
				CLANG_WARN_RANGE_LOOP_ANALYSIS = YES;
				CLANG_WARN_STRICT_PROTOTYPES = YES;
				CLANG_WARN_SUSPICIOUS_MOVE = YES;
				CLANG_WARN_UNGUARDED_AVAILABILITY = YES_AGGRESSIVE;
				CLANG_WARN_UNREACHABLE_CODE = YES;
				CLANG_WARN__DUPLICATE_METHOD_MATCH = YES;
				CODE_SIGN_IDENTITY = "iPhone Developer";
				COPY_PHASE_STRIP = NO;
				DEBUG_INFORMATION_FORMAT = "dwarf-with-dsym";
				ENABLE_NS_ASSERTIONS = NO;
				ENABLE_STRICT_OBJC_MSGSEND = YES;
				GCC_C_LANGUAGE_STANDARD = gnu11;
				GCC_NO_COMMON_BLOCKS = YES;
				GCC_WARN_64_TO_32_BIT_CONVERSION = YES;
				GCC_WARN_ABOUT_RETURN_TYPE = YES_ERROR;
				GCC_WARN_UNDECLARED_SELECTOR = YES;
				GCC_WARN_UNINITIALIZED_AUTOS = YES_AGGRESSIVE;
				GCC_WARN_UNUSED_FUNCTION = YES;
				GCC_WARN_UNUSED_VARIABLE = YES;
				IPHONEOS_DEPLOYMENT_TARGET = 9.0;
				MTL_ENABLE_DEBUG_INFO = NO;
				SDKROOT = iphoneos;
				SWIFT_INSTALL_OBJC_HEADER = NO;
				SWIFT_OPTIMIZATION_LEVEL = "-Owholemodule";
				VALIDATE_PRODUCT = YES;
				VERSIONING_SYSTEM = "apple-generic";
			};
			name = Release;
		};
		DA73809A20431E5E005C43A3 /* Debug */ = {
			isa = XCBuildConfiguration;
			buildSettings = {
				CODE_SIGN_STYLE = Automatic;
				DEVELOPMENT_TEAM = 7AMWG3RLHN;
				INFOPLIST_FILE = Configuration/Info.plist;
				LD_RUNPATH_SEARCH_PATHS = "$(inherited) @executable_path/Frameworks";
				PRODUCT_BUNDLE_IDENTIFIER = iturbide.entropy;
				PRODUCT_NAME = "$(TARGET_NAME)";
				SWIFT_VERSION = 4.0;
				TARGETED_DEVICE_FAMILY = "1,2";
			};
			name = Debug;
		};
		DA73809B20431E5E005C43A3 /* Release */ = {
			isa = XCBuildConfiguration;
			buildSettings = {
				CODE_SIGN_STYLE = Automatic;
				DEVELOPMENT_TEAM = 7AMWG3RLHN;
				INFOPLIST_FILE = Configuration/Info.plist;
				LD_RUNPATH_SEARCH_PATHS = "$(inherited) @executable_path/Frameworks";
				PRODUCT_BUNDLE_IDENTIFIER = iturbide.entropy;
				PRODUCT_NAME = "$(TARGET_NAME)";
				SWIFT_VERSION = 4.0;
				TARGETED_DEVICE_FAMILY = "1,2";
			};
			name = Release;
		};
/* End XCBuildConfiguration section */

/* Begin XCConfigurationList section */
		DA48BB232046CD2B00271252 /* Build configuration list for PBXNativeTarget "tests" */ = {
			isa = XCConfigurationList;
			buildConfigurations = (
				DA48BB212046CD2B00271252 /* Debug */,
				DA48BB222046CD2B00271252 /* Release */,
			);
			defaultConfigurationIsVisible = 0;
			defaultConfigurationName = Release;
		};
		DA73808220431E5E005C43A3 /* Build configuration list for PBXProject "entropy" */ = {
			isa = XCConfigurationList;
			buildConfigurations = (
				DA73809720431E5E005C43A3 /* Debug */,
				DA73809820431E5E005C43A3 /* Release */,
			);
			defaultConfigurationIsVisible = 0;
			defaultConfigurationName = Release;
		};
		DA73809920431E5E005C43A3 /* Build configuration list for PBXNativeTarget "entropy" */ = {
			isa = XCConfigurationList;
			buildConfigurations = (
				DA73809A20431E5E005C43A3 /* Debug */,
				DA73809B20431E5E005C43A3 /* Release */,
			);
			defaultConfigurationIsVisible = 0;
			defaultConfigurationName = Release;
		};
/* End XCConfigurationList section */
	};
	rootObject = DA73807F20431E5E005C43A3 /* Project object */;
}
