// !$*UTF8*$!
{
	archiveVersion = 1;
	classes = {
	};
	objectVersion = 48;
	objects = {

/* Begin PBXBuildFile section */
		DA7380E220432007005C43A3 /* LaunchScreen.storyboard in Resources */ = {isa = PBXBuildFile; fileRef = DA73809D20432007005C43A3 /* LaunchScreen.storyboard */; };
		DA7380E720432007005C43A3 /* LocalizableModel.strings in Resources */ = {isa = PBXBuildFile; fileRef = DA7380A320432007005C43A3 /* LocalizableModel.strings */; };
		DA7380E820432007005C43A3 /* InfoPlist.strings in Resources */ = {isa = PBXBuildFile; fileRef = DA7380A520432007005C43A3 /* InfoPlist.strings */; };
		DA7380E920432007005C43A3 /* LocalizableError.strings in Resources */ = {isa = PBXBuildFile; fileRef = DA7380A720432007005C43A3 /* LocalizableError.strings */; };
		DA7380EA20432007005C43A3 /* LocalizableView.strings in Resources */ = {isa = PBXBuildFile; fileRef = DA7380A920432007005C43A3 /* LocalizableView.strings */; };
		DA7380EB20432007005C43A3 /* LocalizableController.strings in Resources */ = {isa = PBXBuildFile; fileRef = DA7380AB20432007005C43A3 /* LocalizableController.strings */; };
		DA7380EC20432007005C43A3 /* ExtensionUIView+LayoutWidth.swift in Sources */ = {isa = PBXBuildFile; fileRef = DA7380AF20432007005C43A3 /* ExtensionUIView+LayoutWidth.swift */; };
		DA7380ED20432007005C43A3 /* ExtensionUIView+LayoutHeight.swift in Sources */ = {isa = PBXBuildFile; fileRef = DA7380B020432007005C43A3 /* ExtensionUIView+LayoutHeight.swift */; };
		DA7380EE20432007005C43A3 /* ExtensionUIView+LayoutSize.swift in Sources */ = {isa = PBXBuildFile; fileRef = DA7380B120432007005C43A3 /* ExtensionUIView+LayoutSize.swift */; };
		DA7380EF20432007005C43A3 /* ExtensionUIColor.swift in Sources */ = {isa = PBXBuildFile; fileRef = DA7380B220432007005C43A3 /* ExtensionUIColor.swift */; };
		DA7380F020432007005C43A3 /* ExtensionUIView+LayoutEquals.swift in Sources */ = {isa = PBXBuildFile; fileRef = DA7380B320432007005C43A3 /* ExtensionUIView+LayoutEquals.swift */; };
		DA7380F120432007005C43A3 /* ExtensionUIView+LayoutVertical.swift in Sources */ = {isa = PBXBuildFile; fileRef = DA7380B420432007005C43A3 /* ExtensionUIView+LayoutVertical.swift */; };
		DA7380F220432007005C43A3 /* ExtensionUIView+LayoutHorizontal.swift in Sources */ = {isa = PBXBuildFile; fileRef = DA7380B520432007005C43A3 /* ExtensionUIView+LayoutHorizontal.swift */; };
		DA7380F320432007005C43A3 /* ControllerHome.swift in Sources */ = {isa = PBXBuildFile; fileRef = DA7380B820432007005C43A3 /* ControllerHome.swift */; };
		DA7380F420432007005C43A3 /* Presenter+View.swift in Sources */ = {isa = PBXBuildFile; fileRef = DA7380BA20432007005C43A3 /* Presenter+View.swift */; };
		DA7380F520432007005C43A3 /* PresenterProtocol.swift in Sources */ = {isa = PBXBuildFile; fileRef = DA7380BB20432007005C43A3 /* PresenterProtocol.swift */; };
		DA7380F620432007005C43A3 /* Presenter+Protocol.swift in Sources */ = {isa = PBXBuildFile; fileRef = DA7380BC20432007005C43A3 /* Presenter+Protocol.swift */; };
		DA7380F720432007005C43A3 /* Presenter.swift in Sources */ = {isa = PBXBuildFile; fileRef = DA7380BD20432007005C43A3 /* Presenter.swift */; };
		DA7380F820432007005C43A3 /* Presenter+Controller.swift in Sources */ = {isa = PBXBuildFile; fileRef = DA7380BE20432007005C43A3 /* Presenter+Controller.swift */; };
		DA7380F920432007005C43A3 /* Presenter+Strategies.swift in Sources */ = {isa = PBXBuildFile; fileRef = DA7380BF20432007005C43A3 /* Presenter+Strategies.swift */; };
		DA7380FA20432007005C43A3 /* ControllerProtocol+Default.swift in Sources */ = {isa = PBXBuildFile; fileRef = DA7380C120432007005C43A3 /* ControllerProtocol+Default.swift */; };
		DA7380FB20432007005C43A3 /* ControllerProtocol.swift in Sources */ = {isa = PBXBuildFile; fileRef = DA7380C220432007005C43A3 /* ControllerProtocol.swift */; };
		DA7380FC20432007005C43A3 /* Controller.swift in Sources */ = {isa = PBXBuildFile; fileRef = DA7380C320432007005C43A3 /* Controller.swift */; };
		DA7380FD20432007005C43A3 /* Application+Presenter.swift in Sources */ = {isa = PBXBuildFile; fileRef = DA7380C520432007005C43A3 /* Application+Presenter.swift */; };
		DA7380FE20432007005C43A3 /* Application.swift in Sources */ = {isa = PBXBuildFile; fileRef = DA7380C620432007005C43A3 /* Application.swift */; };
		DA7380FF20432007005C43A3 /* Application+Delegate.swift in Sources */ = {isa = PBXBuildFile; fileRef = DA7380C720432007005C43A3 /* Application+Delegate.swift */; };
		DA73810020432007005C43A3 /* ArchitectureMember.swift in Sources */ = {isa = PBXBuildFile; fileRef = DA7380C920432007005C43A3 /* ArchitectureMember.swift */; };
		DA73810120432007005C43A3 /* Architecture.swift in Sources */ = {isa = PBXBuildFile; fileRef = DA7380CA20432007005C43A3 /* Architecture.swift */; };
		DA73810220432007005C43A3 /* ArchitectureHome.swift in Sources */ = {isa = PBXBuildFile; fileRef = DA7380CB20432007005C43A3 /* ArchitectureHome.swift */; };
		DA73810320432007005C43A3 /* ModelHome.swift in Sources */ = {isa = PBXBuildFile; fileRef = DA7380CE20432007005C43A3 /* ModelHome.swift */; };
		DA73810420432007005C43A3 /* Model.swift in Sources */ = {isa = PBXBuildFile; fileRef = DA7380D020432007005C43A3 /* Model.swift */; };
		DA73810520432007005C43A3 /* ModelProtocol.swift in Sources */ = {isa = PBXBuildFile; fileRef = DA7380D120432007005C43A3 /* ModelProtocol.swift */; };
		DA73810620432007005C43A3 /* PresentationProtocol.swift in Sources */ = {isa = PBXBuildFile; fileRef = DA7380D320432007005C43A3 /* PresentationProtocol.swift */; };
		DA73810720432007005C43A3 /* PresentationProtocol+Default.swift in Sources */ = {isa = PBXBuildFile; fileRef = DA7380D420432007005C43A3 /* PresentationProtocol+Default.swift */; };
		DA73810820432007005C43A3 /* PresentationInitial.swift in Sources */ = {isa = PBXBuildFile; fileRef = DA7380D520432007005C43A3 /* PresentationInitial.swift */; };
		DA73810920432007005C43A3 /* PresentationLayout.swift in Sources */ = {isa = PBXBuildFile; fileRef = DA7380D620432007005C43A3 /* PresentationLayout.swift */; };
		DA73810A20432007005C43A3 /* ViewHome.swift in Sources */ = {isa = PBXBuildFile; fileRef = DA7380D920432007005C43A3 /* ViewHome.swift */; };
		DA73810B20432007005C43A3 /* ViewPresenter.swift in Sources */ = {isa = PBXBuildFile; fileRef = DA7380DB20432007005C43A3 /* ViewPresenter.swift */; };
		DA73810C20432007005C43A3 /* View.swift in Sources */ = {isa = PBXBuildFile; fileRef = DA7380DD20432007005C43A3 /* View.swift */; };
		DA73810D20432007005C43A3 /* ViewProtocol+Default.swift in Sources */ = {isa = PBXBuildFile; fileRef = DA7380DE20432007005C43A3 /* ViewProtocol+Default.swift */; };
		DA73810E20432007005C43A3 /* ViewProtocol.swift in Sources */ = {isa = PBXBuildFile; fileRef = DA7380DF20432007005C43A3 /* ViewProtocol.swift */; };
		DA73811520432358005C43A3 /* ArchitectureSimulation.swift in Sources */ = {isa = PBXBuildFile; fileRef = DA73811420432358005C43A3 /* ArchitectureSimulation.swift */; };
/* End PBXBuildFile section */

/* Begin PBXFileReference section */
		DA73808720431E5E005C43A3 /* entropy.app */ = {isa = PBXFileReference; explicitFileType = wrapper.application; includeInIndex = 0; path = entropy.app; sourceTree = BUILT_PRODUCTS_DIR; };
		DA73809D20432007005C43A3 /* LaunchScreen.storyboard */ = {isa = PBXFileReference; fileEncoding = 4; lastKnownFileType = file.storyboard; path = LaunchScreen.storyboard; sourceTree = "<group>"; };
		DA73809E20432007005C43A3 /* .gitignore */ = {isa = PBXFileReference; fileEncoding = 4; lastKnownFileType = text; path = .gitignore; sourceTree = "<group>"; };
		DA73809F20432007005C43A3 /* README.md */ = {isa = PBXFileReference; fileEncoding = 4; lastKnownFileType = net.daringfireball.markdown; path = README.md; sourceTree = "<group>"; };
		DA7380A020432007005C43A3 /* .codebeatsettings */ = {isa = PBXFileReference; fileEncoding = 4; lastKnownFileType = text; path = .codebeatsettings; sourceTree = "<group>"; };
		DA7380A120432007005C43A3 /* LICENSE */ = {isa = PBXFileReference; fileEncoding = 4; lastKnownFileType = text; path = LICENSE; sourceTree = "<group>"; };
		DA7380A420432007005C43A3 /* en */ = {isa = PBXFileReference; lastKnownFileType = text.plist.strings; name = en; path = en.lproj/LocalizableModel.strings; sourceTree = "<group>"; };
		DA7380A620432007005C43A3 /* en */ = {isa = PBXFileReference; lastKnownFileType = text.plist.strings; name = en; path = en.lproj/InfoPlist.strings; sourceTree = "<group>"; };
		DA7380A820432007005C43A3 /* en */ = {isa = PBXFileReference; lastKnownFileType = text.plist.strings; name = en; path = en.lproj/LocalizableError.strings; sourceTree = "<group>"; };
		DA7380AA20432007005C43A3 /* en */ = {isa = PBXFileReference; lastKnownFileType = text.plist.strings; name = en; path = en.lproj/LocalizableView.strings; sourceTree = "<group>"; };
		DA7380AC20432007005C43A3 /* en */ = {isa = PBXFileReference; lastKnownFileType = text.plist.strings; name = en; path = en.lproj/LocalizableController.strings; sourceTree = "<group>"; };
		DA7380AF20432007005C43A3 /* ExtensionUIView+LayoutWidth.swift */ = {isa = PBXFileReference; fileEncoding = 4; lastKnownFileType = sourcecode.swift; path = "ExtensionUIView+LayoutWidth.swift"; sourceTree = "<group>"; };
		DA7380B020432007005C43A3 /* ExtensionUIView+LayoutHeight.swift */ = {isa = PBXFileReference; fileEncoding = 4; lastKnownFileType = sourcecode.swift; path = "ExtensionUIView+LayoutHeight.swift"; sourceTree = "<group>"; };
		DA7380B120432007005C43A3 /* ExtensionUIView+LayoutSize.swift */ = {isa = PBXFileReference; fileEncoding = 4; lastKnownFileType = sourcecode.swift; path = "ExtensionUIView+LayoutSize.swift"; sourceTree = "<group>"; };
		DA7380B220432007005C43A3 /* ExtensionUIColor.swift */ = {isa = PBXFileReference; fileEncoding = 4; lastKnownFileType = sourcecode.swift; path = ExtensionUIColor.swift; sourceTree = "<group>"; };
		DA7380B320432007005C43A3 /* ExtensionUIView+LayoutEquals.swift */ = {isa = PBXFileReference; fileEncoding = 4; lastKnownFileType = sourcecode.swift; path = "ExtensionUIView+LayoutEquals.swift"; sourceTree = "<group>"; };
		DA7380B420432007005C43A3 /* ExtensionUIView+LayoutVertical.swift */ = {isa = PBXFileReference; fileEncoding = 4; lastKnownFileType = sourcecode.swift; path = "ExtensionUIView+LayoutVertical.swift"; sourceTree = "<group>"; };
		DA7380B520432007005C43A3 /* ExtensionUIView+LayoutHorizontal.swift */ = {isa = PBXFileReference; fileEncoding = 4; lastKnownFileType = sourcecode.swift; path = "ExtensionUIView+LayoutHorizontal.swift"; sourceTree = "<group>"; };
		DA7380B820432007005C43A3 /* ControllerHome.swift */ = {isa = PBXFileReference; fileEncoding = 4; lastKnownFileType = sourcecode.swift; path = ControllerHome.swift; sourceTree = "<group>"; };
		DA7380BA20432007005C43A3 /* Presenter+View.swift */ = {isa = PBXFileReference; fileEncoding = 4; lastKnownFileType = sourcecode.swift; path = "Presenter+View.swift"; sourceTree = "<group>"; };
		DA7380BB20432007005C43A3 /* PresenterProtocol.swift */ = {isa = PBXFileReference; fileEncoding = 4; lastKnownFileType = sourcecode.swift; path = PresenterProtocol.swift; sourceTree = "<group>"; };
		DA7380BC20432007005C43A3 /* Presenter+Protocol.swift */ = {isa = PBXFileReference; fileEncoding = 4; lastKnownFileType = sourcecode.swift; path = "Presenter+Protocol.swift"; sourceTree = "<group>"; };
		DA7380BD20432007005C43A3 /* Presenter.swift */ = {isa = PBXFileReference; fileEncoding = 4; lastKnownFileType = sourcecode.swift; path = Presenter.swift; sourceTree = "<group>"; };
		DA7380BE20432007005C43A3 /* Presenter+Controller.swift */ = {isa = PBXFileReference; fileEncoding = 4; lastKnownFileType = sourcecode.swift; path = "Presenter+Controller.swift"; sourceTree = "<group>"; };
		DA7380BF20432007005C43A3 /* Presenter+Strategies.swift */ = {isa = PBXFileReference; fileEncoding = 4; lastKnownFileType = sourcecode.swift; path = "Presenter+Strategies.swift"; sourceTree = "<group>"; };
		DA7380C120432007005C43A3 /* ControllerProtocol+Default.swift */ = {isa = PBXFileReference; fileEncoding = 4; lastKnownFileType = sourcecode.swift; path = "ControllerProtocol+Default.swift"; sourceTree = "<group>"; };
		DA7380C220432007005C43A3 /* ControllerProtocol.swift */ = {isa = PBXFileReference; fileEncoding = 4; lastKnownFileType = sourcecode.swift; path = ControllerProtocol.swift; sourceTree = "<group>"; };
		DA7380C320432007005C43A3 /* Controller.swift */ = {isa = PBXFileReference; fileEncoding = 4; lastKnownFileType = sourcecode.swift; path = Controller.swift; sourceTree = "<group>"; };
		DA7380C520432007005C43A3 /* Application+Presenter.swift */ = {isa = PBXFileReference; fileEncoding = 4; lastKnownFileType = sourcecode.swift; path = "Application+Presenter.swift"; sourceTree = "<group>"; };
		DA7380C620432007005C43A3 /* Application.swift */ = {isa = PBXFileReference; fileEncoding = 4; lastKnownFileType = sourcecode.swift; path = Application.swift; sourceTree = "<group>"; };
		DA7380C720432007005C43A3 /* Application+Delegate.swift */ = {isa = PBXFileReference; fileEncoding = 4; lastKnownFileType = sourcecode.swift; path = "Application+Delegate.swift"; sourceTree = "<group>"; };
		DA7380C920432007005C43A3 /* ArchitectureMember.swift */ = {isa = PBXFileReference; fileEncoding = 4; lastKnownFileType = sourcecode.swift; path = ArchitectureMember.swift; sourceTree = "<group>"; };
		DA7380CA20432007005C43A3 /* Architecture.swift */ = {isa = PBXFileReference; fileEncoding = 4; lastKnownFileType = sourcecode.swift; path = Architecture.swift; sourceTree = "<group>"; };
		DA7380CB20432007005C43A3 /* ArchitectureHome.swift */ = {isa = PBXFileReference; fileEncoding = 4; lastKnownFileType = sourcecode.swift; path = ArchitectureHome.swift; sourceTree = "<group>"; };
		DA7380CE20432007005C43A3 /* ModelHome.swift */ = {isa = PBXFileReference; fileEncoding = 4; lastKnownFileType = sourcecode.swift; path = ModelHome.swift; sourceTree = "<group>"; };
		DA7380D020432007005C43A3 /* Model.swift */ = {isa = PBXFileReference; fileEncoding = 4; lastKnownFileType = sourcecode.swift; path = Model.swift; sourceTree = "<group>"; };
		DA7380D120432007005C43A3 /* ModelProtocol.swift */ = {isa = PBXFileReference; fileEncoding = 4; lastKnownFileType = sourcecode.swift; path = ModelProtocol.swift; sourceTree = "<group>"; };
		DA7380D320432007005C43A3 /* PresentationProtocol.swift */ = {isa = PBXFileReference; fileEncoding = 4; lastKnownFileType = sourcecode.swift; path = PresentationProtocol.swift; sourceTree = "<group>"; };
		DA7380D420432007005C43A3 /* PresentationProtocol+Default.swift */ = {isa = PBXFileReference; fileEncoding = 4; lastKnownFileType = sourcecode.swift; path = "PresentationProtocol+Default.swift"; sourceTree = "<group>"; };
		DA7380D520432007005C43A3 /* PresentationInitial.swift */ = {isa = PBXFileReference; fileEncoding = 4; lastKnownFileType = sourcecode.swift; path = PresentationInitial.swift; sourceTree = "<group>"; };
		DA7380D620432007005C43A3 /* PresentationLayout.swift */ = {isa = PBXFileReference; fileEncoding = 4; lastKnownFileType = sourcecode.swift; path = PresentationLayout.swift; sourceTree = "<group>"; };
		DA7380D920432007005C43A3 /* ViewHome.swift */ = {isa = PBXFileReference; fileEncoding = 4; lastKnownFileType = sourcecode.swift; path = ViewHome.swift; sourceTree = "<group>"; };
		DA7380DB20432007005C43A3 /* ViewPresenter.swift */ = {isa = PBXFileReference; fileEncoding = 4; lastKnownFileType = sourcecode.swift; path = ViewPresenter.swift; sourceTree = "<group>"; };
		DA7380DD20432007005C43A3 /* View.swift */ = {isa = PBXFileReference; fileEncoding = 4; lastKnownFileType = sourcecode.swift; path = View.swift; sourceTree = "<group>"; };
		DA7380DE20432007005C43A3 /* ViewProtocol+Default.swift */ = {isa = PBXFileReference; fileEncoding = 4; lastKnownFileType = sourcecode.swift; path = "ViewProtocol+Default.swift"; sourceTree = "<group>"; };
		DA7380DF20432007005C43A3 /* ViewProtocol.swift */ = {isa = PBXFileReference; fileEncoding = 4; lastKnownFileType = sourcecode.swift; path = ViewProtocol.swift; sourceTree = "<group>"; };
		DA7380E120432007005C43A3 /* Info.plist */ = {isa = PBXFileReference; fileEncoding = 4; lastKnownFileType = text.plist.xml; path = Info.plist; sourceTree = "<group>"; };
		DA73811020432015005C43A3 /* Scripts */ = {isa = PBXFileReference; lastKnownFileType = folder; path = Scripts; sourceTree = "<group>"; };
		DA73811420432358005C43A3 /* ArchitectureSimulation.swift */ = {isa = PBXFileReference; lastKnownFileType = sourcecode.swift; path = ArchitectureSimulation.swift; sourceTree = "<group>"; };
/* End PBXFileReference section */

/* Begin PBXFrameworksBuildPhase section */
		DA73808420431E5E005C43A3 /* Frameworks */ = {
			isa = PBXFrameworksBuildPhase;
			buildActionMask = 2147483647;
			files = (
			);
			runOnlyForDeploymentPostprocessing = 0;
		};
/* End PBXFrameworksBuildPhase section */

/* Begin PBXGroup section */
		DA73807E20431E5E005C43A3 = {
			isa = PBXGroup;
			children = (
				DA73809C20432007005C43A3 /* Assets */,
				DA7380E020432007005C43A3 /* Configuration */,
				DA7380A220432007005C43A3 /* Resources */,
				DA7380AD20432007005C43A3 /* Source */,
				DA7380A120432007005C43A3 /* LICENSE */,
				DA73809F20432007005C43A3 /* README.md */,
				DA7380A020432007005C43A3 /* .codebeatsettings */,
				DA73809E20432007005C43A3 /* .gitignore */,
				DA73811020432015005C43A3 /* Scripts */,
				DA73808820431E5E005C43A3 /* Products */,
			);
			sourceTree = "<group>";
		};
		DA73808820431E5E005C43A3 /* Products */ = {
			isa = PBXGroup;
			children = (
				DA73808720431E5E005C43A3 /* entropy.app */,
			);
			name = Products;
			sourceTree = "<group>";
		};
		DA73809C20432007005C43A3 /* Assets */ = {
			isa = PBXGroup;
			children = (
				DA73809D20432007005C43A3 /* LaunchScreen.storyboard */,
			);
			path = Assets;
			sourceTree = "<group>";
		};
		DA7380A220432007005C43A3 /* Resources */ = {
			isa = PBXGroup;
			children = (
				DA7380A520432007005C43A3 /* InfoPlist.strings */,
				DA7380A320432007005C43A3 /* LocalizableModel.strings */,
				DA7380A720432007005C43A3 /* LocalizableError.strings */,
				DA7380A920432007005C43A3 /* LocalizableView.strings */,
				DA7380AB20432007005C43A3 /* LocalizableController.strings */,
			);
			path = Resources;
			sourceTree = "<group>";
		};
		DA7380AD20432007005C43A3 /* Source */ = {
			isa = PBXGroup;
			children = (
				DA7380AE20432007005C43A3 /* Extension */,
				DA7380C820432007005C43A3 /* Architecture */,
				DA7380B620432007005C43A3 /* Controller */,
				DA7380CC20432007005C43A3 /* Model */,
				DA7380D720432007005C43A3 /* View */,
			);
			path = Source;
			sourceTree = "<group>";
		};
		DA7380AE20432007005C43A3 /* Extension */ = {
			isa = PBXGroup;
			children = (
				DA7380AF20432007005C43A3 /* ExtensionUIView+LayoutWidth.swift */,
				DA7380B020432007005C43A3 /* ExtensionUIView+LayoutHeight.swift */,
				DA7380B120432007005C43A3 /* ExtensionUIView+LayoutSize.swift */,
				DA7380B220432007005C43A3 /* ExtensionUIColor.swift */,
				DA7380B320432007005C43A3 /* ExtensionUIView+LayoutEquals.swift */,
				DA7380B420432007005C43A3 /* ExtensionUIView+LayoutVertical.swift */,
				DA7380B520432007005C43A3 /* ExtensionUIView+LayoutHorizontal.swift */,
			);
			path = Extension;
			sourceTree = "<group>";
		};
		DA7380B620432007005C43A3 /* Controller */ = {
			isa = PBXGroup;
			children = (
				DA7380B720432007005C43A3 /* Home */,
				DA7380B920432007005C43A3 /* Presenter */,
				DA7380C020432007005C43A3 /* Controller */,
				DA7380C420432007005C43A3 /* Application */,
			);
			path = Controller;
			sourceTree = "<group>";
		};
		DA7380B720432007005C43A3 /* Home */ = {
			isa = PBXGroup;
			children = (
				DA7380B820432007005C43A3 /* ControllerHome.swift */,
			);
			path = Home;
			sourceTree = "<group>";
		};
		DA7380B920432007005C43A3 /* Presenter */ = {
			isa = PBXGroup;
			children = (
				DA7380BA20432007005C43A3 /* Presenter+View.swift */,
				DA7380BB20432007005C43A3 /* PresenterProtocol.swift */,
				DA7380BC20432007005C43A3 /* Presenter+Protocol.swift */,
				DA7380BD20432007005C43A3 /* Presenter.swift */,
				DA7380BE20432007005C43A3 /* Presenter+Controller.swift */,
				DA7380BF20432007005C43A3 /* Presenter+Strategies.swift */,
			);
			path = Presenter;
			sourceTree = "<group>";
		};
		DA7380C020432007005C43A3 /* Controller */ = {
			isa = PBXGroup;
			children = (
				DA7380C120432007005C43A3 /* ControllerProtocol+Default.swift */,
				DA7380C220432007005C43A3 /* ControllerProtocol.swift */,
				DA7380C320432007005C43A3 /* Controller.swift */,
			);
			path = Controller;
			sourceTree = "<group>";
		};
		DA7380C420432007005C43A3 /* Application */ = {
			isa = PBXGroup;
			children = (
				DA7380C520432007005C43A3 /* Application+Presenter.swift */,
				DA7380C620432007005C43A3 /* Application.swift */,
				DA7380C720432007005C43A3 /* Application+Delegate.swift */,
			);
			path = Application;
			sourceTree = "<group>";
		};
		DA7380C820432007005C43A3 /* Architecture */ = {
			isa = PBXGroup;
			children = (
				DA7380C920432007005C43A3 /* ArchitectureMember.swift */,
				DA7380CA20432007005C43A3 /* Architecture.swift */,
				DA7380CB20432007005C43A3 /* ArchitectureHome.swift */,
				DA73811420432358005C43A3 /* ArchitectureSimulation.swift */,
			);
			path = Architecture;
			sourceTree = "<group>";
		};
		DA7380CC20432007005C43A3 /* Model */ = {
			isa = PBXGroup;
			children = (
				DA7380CD20432007005C43A3 /* Home */,
				DA7380CF20432007005C43A3 /* Model */,
				DA7380D220432007005C43A3 /* Presentation */,
			);
			path = Model;
			sourceTree = "<group>";
		};
		DA7380CD20432007005C43A3 /* Home */ = {
			isa = PBXGroup;
			children = (
				DA7380CE20432007005C43A3 /* ModelHome.swift */,
			);
			path = Home;
			sourceTree = "<group>";
		};
		DA7380CF20432007005C43A3 /* Model */ = {
			isa = PBXGroup;
			children = (
				DA7380D020432007005C43A3 /* Model.swift */,
				DA7380D120432007005C43A3 /* ModelProtocol.swift */,
			);
			path = Model;
			sourceTree = "<group>";
		};
		DA7380D220432007005C43A3 /* Presentation */ = {
			isa = PBXGroup;
			children = (
				DA7380D320432007005C43A3 /* PresentationProtocol.swift */,
				DA7380D420432007005C43A3 /* PresentationProtocol+Default.swift */,
				DA7380D520432007005C43A3 /* PresentationInitial.swift */,
				DA7380D620432007005C43A3 /* PresentationLayout.swift */,
			);
			path = Presentation;
			sourceTree = "<group>";
		};
		DA7380D720432007005C43A3 /* View */ = {
			isa = PBXGroup;
			children = (
				DA7380D820432007005C43A3 /* Home */,
				DA7380DA20432007005C43A3 /* Presenter */,
				DA7380DC20432007005C43A3 /* View */,
			);
			path = View;
			sourceTree = "<group>";
		};
		DA7380D820432007005C43A3 /* Home */ = {
			isa = PBXGroup;
			children = (
				DA7380D920432007005C43A3 /* ViewHome.swift */,
			);
			path = Home;
			sourceTree = "<group>";
		};
		DA7380DA20432007005C43A3 /* Presenter */ = {
			isa = PBXGroup;
			children = (
				DA7380DB20432007005C43A3 /* ViewPresenter.swift */,
			);
			path = Presenter;
			sourceTree = "<group>";
		};
		DA7380DC20432007005C43A3 /* View */ = {
			isa = PBXGroup;
			children = (
				DA7380DD20432007005C43A3 /* View.swift */,
				DA7380DE20432007005C43A3 /* ViewProtocol+Default.swift */,
				DA7380DF20432007005C43A3 /* ViewProtocol.swift */,
			);
			path = View;
			sourceTree = "<group>";
		};
		DA7380E020432007005C43A3 /* Configuration */ = {
			isa = PBXGroup;
			children = (
				DA7380E120432007005C43A3 /* Info.plist */,
			);
			path = Configuration;
			sourceTree = "<group>";
		};
/* End PBXGroup section */

/* Begin PBXNativeTarget section */
		DA73808620431E5E005C43A3 /* entropy */ = {
			isa = PBXNativeTarget;
			buildConfigurationList = DA73809920431E5E005C43A3 /* Build configuration list for PBXNativeTarget "entropy" */;
			buildPhases = (
				DA73808320431E5E005C43A3 /* Sources */,
				DA73808420431E5E005C43A3 /* Frameworks */,
				DA73808520431E5E005C43A3 /* Resources */,
				DA738113204322AB005C43A3 /* ShellScript */,
			);
			buildRules = (
			);
			dependencies = (
			);
			name = entropy;
			productName = entropy;
			productReference = DA73808720431E5E005C43A3 /* entropy.app */;
			productType = "com.apple.product-type.application";
		};
/* End PBXNativeTarget section */

/* Begin PBXProject section */
		DA73807F20431E5E005C43A3 /* Project object */ = {
			isa = PBXProject;
			attributes = {
				LastSwiftUpdateCheck = 0920;
				LastUpgradeCheck = 0920;
				ORGANIZATIONNAME = iturbide;
				TargetAttributes = {
					DA73808620431E5E005C43A3 = {
						CreatedOnToolsVersion = 9.2;
						ProvisioningStyle = Automatic;
					};
				};
			};
			buildConfigurationList = DA73808220431E5E005C43A3 /* Build configuration list for PBXProject "entropy" */;
			compatibilityVersion = "Xcode 8.0";
			developmentRegion = en;
			hasScannedForEncodings = 0;
			knownRegions = (
				en,
			);
			mainGroup = DA73807E20431E5E005C43A3;
			productRefGroup = DA73808820431E5E005C43A3 /* Products */;
			projectDirPath = "";
			projectRoot = "";
			targets = (
				DA73808620431E5E005C43A3 /* entropy */,
			);
		};
/* End PBXProject section */

/* Begin PBXResourcesBuildPhase section */
		DA73808520431E5E005C43A3 /* Resources */ = {
			isa = PBXResourcesBuildPhase;
			buildActionMask = 2147483647;
			files = (
				DA7380E820432007005C43A3 /* InfoPlist.strings in Resources */,
				DA7380EA20432007005C43A3 /* LocalizableView.strings in Resources */,
				DA7380E220432007005C43A3 /* LaunchScreen.storyboard in Resources */,
				DA7380EB20432007005C43A3 /* LocalizableController.strings in Resources */,
				DA7380E920432007005C43A3 /* LocalizableError.strings in Resources */,
				DA7380E720432007005C43A3 /* LocalizableModel.strings in Resources */,
			);
			runOnlyForDeploymentPostprocessing = 0;
		};
/* End PBXResourcesBuildPhase section */

/* Begin PBXShellScriptBuildPhase section */
		DA738113204322AB005C43A3 /* ShellScript */ = {
			isa = PBXShellScriptBuildPhase;
			buildActionMask = 2147483647;
			files = (
			);
			inputPaths = (
			);
			outputPaths = (
			);
			runOnlyForDeploymentPostprocessing = 0;
			shellPath = /bin/sh;
			shellScript = Scripts/versioner.sh;
		};
/* End PBXShellScriptBuildPhase section */

/* Begin PBXSourcesBuildPhase section */
		DA73808320431E5E005C43A3 /* Sources */ = {
			isa = PBXSourcesBuildPhase;
			buildActionMask = 2147483647;
			files = (
				DA7380EC20432007005C43A3 /* ExtensionUIView+LayoutWidth.swift in Sources */,
				DA73810B20432007005C43A3 /* ViewPresenter.swift in Sources */,
				DA7380F920432007005C43A3 /* Presenter+Strategies.swift in Sources */,
				DA7380F020432007005C43A3 /* ExtensionUIView+LayoutEquals.swift in Sources */,
				DA73810620432007005C43A3 /* PresentationProtocol.swift in Sources */,
				DA7380FE20432007005C43A3 /* Application.swift in Sources */,
				DA73810320432007005C43A3 /* ModelHome.swift in Sources */,
				DA73810020432007005C43A3 /* ArchitectureMember.swift in Sources */,
				DA7380ED20432007005C43A3 /* ExtensionUIView+LayoutHeight.swift in Sources */,
				DA73810520432007005C43A3 /* ModelProtocol.swift in Sources */,
				DA7380F420432007005C43A3 /* Presenter+View.swift in Sources */,
				DA73810E20432007005C43A3 /* ViewProtocol.swift in Sources */,
				DA73810820432007005C43A3 /* PresentationInitial.swift in Sources */,
				DA7380F520432007005C43A3 /* PresenterProtocol.swift in Sources */,
				DA73810A20432007005C43A3 /* ViewHome.swift in Sources */,
				DA7380FF20432007005C43A3 /* Application+Delegate.swift in Sources */,
				DA73810420432007005C43A3 /* Model.swift in Sources */,
				DA7380FC20432007005C43A3 /* Controller.swift in Sources */,
				DA7380F220432007005C43A3 /* ExtensionUIView+LayoutHorizontal.swift in Sources */,
				DA73810220432007005C43A3 /* ArchitectureHome.swift in Sources */,
				DA7380F720432007005C43A3 /* Presenter.swift in Sources */,
				DA73810C20432007005C43A3 /* View.swift in Sources */,
				DA7380F320432007005C43A3 /* ControllerHome.swift in Sources */,
				DA7380FB20432007005C43A3 /* ControllerProtocol.swift in Sources */,
				DA73810720432007005C43A3 /* PresentationProtocol+Default.swift in Sources */,
				DA73810120432007005C43A3 /* Architecture.swift in Sources */,
				DA7380F620432007005C43A3 /* Presenter+Protocol.swift in Sources */,
				DA7380EE20432007005C43A3 /* ExtensionUIView+LayoutSize.swift in Sources */,
				DA7380F120432007005C43A3 /* ExtensionUIView+LayoutVertical.swift in Sources */,
				DA7380EF20432007005C43A3 /* ExtensionUIColor.swift in Sources */,
				DA7380FA20432007005C43A3 /* ControllerProtocol+Default.swift in Sources */,
				DA73810D20432007005C43A3 /* ViewProtocol+Default.swift in Sources */,
				DA73810920432007005C43A3 /* PresentationLayout.swift in Sources */,
				DA7380F820432007005C43A3 /* Presenter+Controller.swift in Sources */,
				DA7380FD20432007005C43A3 /* Application+Presenter.swift in Sources */,
				DA73811520432358005C43A3 /* ArchitectureSimulation.swift in Sources */,
			);
			runOnlyForDeploymentPostprocessing = 0;
		};
/* End PBXSourcesBuildPhase section */

/* Begin PBXVariantGroup section */
		DA7380A320432007005C43A3 /* LocalizableModel.strings */ = {
			isa = PBXVariantGroup;
			children = (
				DA7380A420432007005C43A3 /* en */,
			);
			name = LocalizableModel.strings;
			sourceTree = "<group>";
		};
		DA7380A520432007005C43A3 /* InfoPlist.strings */ = {
			isa = PBXVariantGroup;
			children = (
				DA7380A620432007005C43A3 /* en */,
			);
			name = InfoPlist.strings;
			sourceTree = "<group>";
		};
		DA7380A720432007005C43A3 /* LocalizableError.strings */ = {
			isa = PBXVariantGroup;
			children = (
				DA7380A820432007005C43A3 /* en */,
			);
			name = LocalizableError.strings;
			sourceTree = "<group>";
		};
		DA7380A920432007005C43A3 /* LocalizableView.strings */ = {
			isa = PBXVariantGroup;
			children = (
				DA7380AA20432007005C43A3 /* en */,
			);
			name = LocalizableView.strings;
			sourceTree = "<group>";
		};
		DA7380AB20432007005C43A3 /* LocalizableController.strings */ = {
			isa = PBXVariantGroup;
			children = (
				DA7380AC20432007005C43A3 /* en */,
			);
			name = LocalizableController.strings;
			sourceTree = "<group>";
		};
/* End PBXVariantGroup section */

/* Begin XCBuildConfiguration section */
		DA73809720431E5E005C43A3 /* Debug */ = {
			isa = XCBuildConfiguration;
			buildSettings = {
				ALWAYS_SEARCH_USER_PATHS = NO;
				CLANG_ANALYZER_NONNULL = YES;
				CLANG_ANALYZER_NUMBER_OBJECT_CONVERSION = YES_AGGRESSIVE;
				CLANG_CXX_LANGUAGE_STANDARD = "gnu++14";
				CLANG_CXX_LIBRARY = "libc++";
				CLANG_ENABLE_MODULES = NO;
				CLANG_ENABLE_OBJC_ARC = YES;
				CLANG_WARN_BLOCK_CAPTURE_AUTORELEASING = YES;
				CLANG_WARN_BOOL_CONVERSION = YES;
				CLANG_WARN_COMMA = YES;
				CLANG_WARN_CONSTANT_CONVERSION = YES;
				CLANG_WARN_DIRECT_OBJC_ISA_USAGE = YES_ERROR;
				CLANG_WARN_DOCUMENTATION_COMMENTS = YES;
				CLANG_WARN_EMPTY_BODY = YES;
				CLANG_WARN_ENUM_CONVERSION = YES;
				CLANG_WARN_INFINITE_RECURSION = YES;
				CLANG_WARN_INT_CONVERSION = YES;
				CLANG_WARN_NON_LITERAL_NULL_CONVERSION = YES;
				CLANG_WARN_OBJC_LITERAL_CONVERSION = YES;
				CLANG_WARN_OBJC_ROOT_CLASS = YES_ERROR;
				CLANG_WARN_RANGE_LOOP_ANALYSIS = YES;
				CLANG_WARN_STRICT_PROTOTYPES = YES;
				CLANG_WARN_SUSPICIOUS_MOVE = YES;
				CLANG_WARN_UNGUARDED_AVAILABILITY = YES_AGGRESSIVE;
				CLANG_WARN_UNREACHABLE_CODE = YES;
				CLANG_WARN__DUPLICATE_METHOD_MATCH = YES;
				CODE_SIGN_IDENTITY = "iPhone Developer";
				COPY_PHASE_STRIP = NO;
				DEBUG_INFORMATION_FORMAT = dwarf;
				ENABLE_STRICT_OBJC_MSGSEND = YES;
				ENABLE_TESTABILITY = YES;
				GCC_C_LANGUAGE_STANDARD = gnu11;
				GCC_DYNAMIC_NO_PIC = NO;
				GCC_NO_COMMON_BLOCKS = YES;
				GCC_OPTIMIZATION_LEVEL = 0;
				GCC_PREPROCESSOR_DEFINITIONS = (
					"DEBUG=1",
					"$(inherited)",
				);
				GCC_WARN_64_TO_32_BIT_CONVERSION = YES;
				GCC_WARN_ABOUT_RETURN_TYPE = YES_ERROR;
				GCC_WARN_UNDECLARED_SELECTOR = YES;
				GCC_WARN_UNINITIALIZED_AUTOS = YES_AGGRESSIVE;
				GCC_WARN_UNUSED_FUNCTION = YES;
				GCC_WARN_UNUSED_VARIABLE = YES;
				IPHONEOS_DEPLOYMENT_TARGET = 9.0;
				MTL_ENABLE_DEBUG_INFO = YES;
				ONLY_ACTIVE_ARCH = YES;
				SDKROOT = iphoneos;
				SWIFT_ACTIVE_COMPILATION_CONDITIONS = DEBUG;
				SWIFT_INSTALL_OBJC_HEADER = NO;
				SWIFT_OPTIMIZATION_LEVEL = "-Onone";
				VERSIONING_SYSTEM = "apple-generic";
			};
			name = Debug;
		};
		DA73809820431E5E005C43A3 /* Release */ = {
			isa = XCBuildConfiguration;
			buildSettings = {
				ALWAYS_SEARCH_USER_PATHS = NO;
				CLANG_ANALYZER_NONNULL = YES;
				CLANG_ANALYZER_NUMBER_OBJECT_CONVERSION = YES_AGGRESSIVE;
				CLANG_CXX_LANGUAGE_STANDARD = "gnu++14";
				CLANG_CXX_LIBRARY = "libc++";
				CLANG_ENABLE_MODULES = NO;
				CLANG_ENABLE_OBJC_ARC = YES;
				CLANG_WARN_BLOCK_CAPTURE_AUTORELEASING = YES;
				CLANG_WARN_BOOL_CONVERSION = YES;
				CLANG_WARN_COMMA = YES;
				CLANG_WARN_CONSTANT_CONVERSION = YES;
				CLANG_WARN_DIRECT_OBJC_ISA_USAGE = YES_ERROR;
				CLANG_WARN_DOCUMENTATION_COMMENTS = YES;
				CLANG_WARN_EMPTY_BODY = YES;
				CLANG_WARN_ENUM_CONVERSION = YES;
				CLANG_WARN_INFINITE_RECURSION = YES;
				CLANG_WARN_INT_CONVERSION = YES;
				CLANG_WARN_NON_LITERAL_NULL_CONVERSION = YES;
				CLANG_WARN_OBJC_LITERAL_CONVERSION = YES;
				CLANG_WARN_OBJC_ROOT_CLASS = YES_ERROR;
				CLANG_WARN_RANGE_LOOP_ANALYSIS = YES;
				CLANG_WARN_STRICT_PROTOTYPES = YES;
				CLANG_WARN_SUSPICIOUS_MOVE = YES;
				CLANG_WARN_UNGUARDED_AVAILABILITY = YES_AGGRESSIVE;
				CLANG_WARN_UNREACHABLE_CODE = YES;
				CLANG_WARN__DUPLICATE_METHOD_MATCH = YES;
				CODE_SIGN_IDENTITY = "iPhone Developer";
				COPY_PHASE_STRIP = NO;
				DEBUG_INFORMATION_FORMAT = "dwarf-with-dsym";
				ENABLE_NS_ASSERTIONS = NO;
				ENABLE_STRICT_OBJC_MSGSEND = YES;
				GCC_C_LANGUAGE_STANDARD = gnu11;
				GCC_NO_COMMON_BLOCKS = YES;
				GCC_WARN_64_TO_32_BIT_CONVERSION = YES;
				GCC_WARN_ABOUT_RETURN_TYPE = YES_ERROR;
				GCC_WARN_UNDECLARED_SELECTOR = YES;
				GCC_WARN_UNINITIALIZED_AUTOS = YES_AGGRESSIVE;
				GCC_WARN_UNUSED_FUNCTION = YES;
				GCC_WARN_UNUSED_VARIABLE = YES;
				IPHONEOS_DEPLOYMENT_TARGET = 9.0;
				MTL_ENABLE_DEBUG_INFO = NO;
				SDKROOT = iphoneos;
				SWIFT_INSTALL_OBJC_HEADER = NO;
				SWIFT_OPTIMIZATION_LEVEL = "-Owholemodule";
				VALIDATE_PRODUCT = YES;
				VERSIONING_SYSTEM = "apple-generic";
			};
			name = Release;
		};
		DA73809A20431E5E005C43A3 /* Debug */ = {
			isa = XCBuildConfiguration;
			buildSettings = {
				CODE_SIGN_STYLE = Automatic;
				DEVELOPMENT_TEAM = 7AMWG3RLHN;
				INFOPLIST_FILE = Configuration/Info.plist;
				LD_RUNPATH_SEARCH_PATHS = "$(inherited) @executable_path/Frameworks";
				PRODUCT_BUNDLE_IDENTIFIER = iturbide.entropy;
				PRODUCT_NAME = "$(TARGET_NAME)";
				SWIFT_VERSION = 4.0;
				TARGETED_DEVICE_FAMILY = "1,2";
			};
			name = Debug;
		};
		DA73809B20431E5E005C43A3 /* Release */ = {
			isa = XCBuildConfiguration;
			buildSettings = {
				CODE_SIGN_STYLE = Automatic;
				DEVELOPMENT_TEAM = 7AMWG3RLHN;
				INFOPLIST_FILE = Configuration/Info.plist;
				LD_RUNPATH_SEARCH_PATHS = "$(inherited) @executable_path/Frameworks";
				PRODUCT_BUNDLE_IDENTIFIER = iturbide.entropy;
				PRODUCT_NAME = "$(TARGET_NAME)";
				SWIFT_VERSION = 4.0;
				TARGETED_DEVICE_FAMILY = "1,2";
			};
			name = Release;
		};
/* End XCBuildConfiguration section */

/* Begin XCConfigurationList section */
		DA73808220431E5E005C43A3 /* Build configuration list for PBXProject "entropy" */ = {
			isa = XCConfigurationList;
			buildConfigurations = (
				DA73809720431E5E005C43A3 /* Debug */,
				DA73809820431E5E005C43A3 /* Release */,
			);
			defaultConfigurationIsVisible = 0;
			defaultConfigurationName = Release;
		};
		DA73809920431E5E005C43A3 /* Build configuration list for PBXNativeTarget "entropy" */ = {
			isa = XCConfigurationList;
			buildConfigurations = (
				DA73809A20431E5E005C43A3 /* Debug */,
				DA73809B20431E5E005C43A3 /* Release */,
			);
			defaultConfigurationIsVisible = 0;
			defaultConfigurationName = Release;
		};
/* End XCConfigurationList section */
	};
	rootObject = DA73807F20431E5E005C43A3 /* Project object */;
}
